
Microsoft Visual Studio Solution File, Format Version 12.00
# Visual Studio Version 17
VisualStudioVersion = 17.5.33414.496
MinimumVisualStudioVersion = 10.0.40219.1
Project("{9A19103F-16F7-4668-BE54-9A1E7A4F7556}") = "InternshipAutomationSystem", "InternshipAutomationSystem\InternshipAutomationSystem.csproj", "{2170656C-2DCB-4303-B9D3-7F4F328CB1D3}"
EndProject
Project("{9A19103F-16F7-4668-BE54-9A1E7A4F7556}") = "Internship.DataAccess", "Internship.DataAccess\Internship.DataAccess.csproj", "{3D373DE6-EB4E-45C6-97E3-DCCA8B80E747}"
EndProject
Project("{9A19103F-16F7-4668-BE54-9A1E7A4F7556}") = "Internship.Models", "Internship.Models\Internship.Models.csproj", "{D6B9BCF2-303E-4173-8CE8-955A0B33A3F2}"
EndProject
Project("{9A19103F-16F7-4668-BE54-9A1E7A4F7556}") = "Internship.Utility", "Internship.Utility\Internship.Utility.csproj", "{28C9BC02-877D-4A56-A61E-6EE4783531E7}"
EndProject
Project("{2150E333-8FDC-42A3-9474-1A3956D46DE8}") = "Solution Items", "Solution Items", "{2C666D0D-37DA-40A0-8430-FE7781DEA8E7}"
	ProjectSection(SolutionItems) = preProject
		.editorconfig = .editorconfig
	EndProjectSection
EndProject
Global
	GlobalSection(SolutionConfigurationPlatforms) = preSolution
		Debug|Any CPU = Debug|Any CPU
		Release|Any CPU = Release|Any CPU
	EndGlobalSection
	GlobalSection(ProjectConfigurationPlatforms) = postSolution
		{2170656C-2DCB-4303-B9D3-7F4F328CB1D3}.Debug|Any CPU.ActiveCfg = Debug|Any CPU
		{2170656C-2DCB-4303-B9D3-7F4F328CB1D3}.Debug|Any CPU.Build.0 = Debug|Any CPU
		{2170656C-2DCB-4303-B9D3-7F4F328CB1D3}.Release|Any CPU.ActiveCfg = Release|Any CPU
		{2170656C-2DCB-4303-B9D3-7F4F328CB1D3}.Release|Any CPU.Build.0 = Release|Any CPU
		{3D373DE6-EB4E-45C6-97E3-DCCA8B80E747}.Debug|Any CPU.ActiveCfg = Debug|Any CPU
		{3D373DE6-EB4E-45C6-97E3-DCCA8B80E747}.Debug|Any CPU.Build.0 = Debug|Any CPU
		{3D373DE6-EB4E-45C6-97E3-DCCA8B80E747}.Release|Any CPU.ActiveCfg = Release|Any CPU
		{3D373DE6-EB4E-45C6-97E3-DCCA8B80E747}.Release|Any CPU.Build.0 = Release|Any CPU
		{D6B9BCF2-303E-4173-8CE8-955A0B33A3F2}.Debug|Any CPU.ActiveCfg = Debug|Any CPU
		{D6B9BCF2-303E-4173-8CE8-955A0B33A3F2}.Debug|Any CPU.Build.0 = Debug|Any CPU
		{D6B9BCF2-303E-4173-8CE8-955A0B33A3F2}.Release|Any CPU.ActiveCfg = Release|Any CPU
		{D6B9BCF2-303E-4173-8CE8-955A0B33A3F2}.Release|Any CPU.Build.0 = Release|Any CPU
		{28C9BC02-877D-4A56-A61E-6EE4783531E7}.Debug|Any CPU.ActiveCfg = Debug|Any CPU
		{28C9BC02-877D-4A56-A61E-6EE4783531E7}.Debug|Any CPU.Build.0 = Debug|Any CPU
		{28C9BC02-877D-4A56-A61E-6EE4783531E7}.Release|Any CPU.ActiveCfg = Release|Any CPU
		{28C9BC02-877D-4A56-A61E-6EE4783531E7}.Release|Any CPU.Build.0 = Release|Any CPU
	EndGlobalSection
	GlobalSection(SolutionProperties) = preSolution
		HideSolutionNode = FALSE
	EndGlobalSection
	GlobalSection(ExtensibilityGlobals) = postSolution
		SolutionGuid = {B0046E64-CC4D-4FB4-B875-C83CCDDD5CFD}
	EndGlobalSection
EndGlobal
